
Microsoft Visual Studio Solution File, Format Version 12.00
# Visual Studio Version 16
VisualStudioVersion = 25.0.1703.4
MinimumVisualStudioVersion = 10.0.40219.1
Project("{FAE04EC0-301F-11D3-BF4B-00C04F79EFBC}") = "Syntax2", "Syntax2\Syntax2.csproj", "{2EEEC875-7802-4D09-8D19-2933C2FD6817}"
EndProject
Global
	GlobalSection(SolutionConfigurationPlatforms) = preSolution
		Debug|Any CPU = Debug|Any CPU
		Release|Any CPU = Release|Any CPU
	EndGlobalSection
	GlobalSection(ProjectConfigurationPlatforms) = postSolution
		{2EEEC875-7802-4D09-8D19-2933C2FD6817}.Debug|Any CPU.ActiveCfg = Debug|Any CPU
		{2EEEC875-7802-4D09-8D19-2933C2FD6817}.Debug|Any CPU.Build.0 = Debug|Any CPU
		{2EEEC875-7802-4D09-8D19-2933C2FD6817}.Release|Any CPU.ActiveCfg = Release|Any CPU
		{2EEEC875-7802-4D09-8D19-2933C2FD6817}.Release|Any CPU.Build.0 = Release|Any CPU
	EndGlobalSection
	GlobalSection(SolutionProperties) = preSolution
		HideSolutionNode = FALSE
	EndGlobalSection
	GlobalSection(ExtensibilityGlobals) = postSolution
		SolutionGuid = {78E84F10-544F-412A-9B39-EA5767005E27}
	EndGlobalSection
EndGlobal
